PODS:
  - Flutter (1.0.0)
  - flutter_shortcuts (0.0.1):
    - Flutter
  - quick_actions_ios (0.0.1):
    - Flutter

DEPENDENCIES:
  - Flutter (from `Flutter`)
  - flutter_shortcuts (from `.symlinks/plugins/flutter_shortcuts/ios`)
  - quick_actions_ios (from `.symlinks/plugins/quick_actions_ios/ios`)

EXTERNAL SOURCES:
  Flutter:
    :path: Flutter
  flutter_shortcuts:
    :path: ".symlinks/plugins/flutter_shortcuts/ios"
  quick_actions_ios:
    :path: ".symlinks/plugins/quick_actions_ios/ios"

SPEC CHECKSUMS:
  Flutter: e0871f40cf51350855a761d2e70bf5af5b9b5de7
  flutter_shortcuts: 085549ddc6dcc5b4035c11af87f4341b15933593
  quick_actions_ios: 56f3cbaa71e94f212838d1f9fe354bd0734779bf

PODFILE CHECKSUM: 819463e6a0290f5a72f145ba7cde16e8b6ef0796

COCOAPODS: 1.15.0
